
Microsoft Visual Studio Solution File, Format Version 12.00
# Visual Studio Version 17
VisualStudioVersion = 17.4.33213.308
MinimumVisualStudioVersion = 10.0.40219.1
Project("{FAE04EC0-301F-11D3-BF4B-00C04F79EFBC}") = "DatesAndTimes", "DatesAndTimes\DatesAndTimes.csproj", "{A96DC18C-BBB9-4062-80B2-D1DE6900C90B}"
EndProject
Global
	GlobalSection(SolutionConfigurationPlatforms) = preSolution
		Debug|Any CPU = Debug|Any CPU
		Release|Any CPU = Release|Any CPU
	EndGlobalSection
	GlobalSection(ProjectConfigurationPlatforms) = postSolution
		{A96DC18C-BBB9-4062-80B2-D1DE6900C90B}.Debug|Any CPU.ActiveCfg = Debug|Any CPU
		{A96DC18C-BBB9-4062-80B2-D1DE6900C90B}.Debug|Any CPU.Build.0 = Debug|Any CPU
		{A96DC18C-BBB9-4062-80B2-D1DE6900C90B}.Release|Any CPU.ActiveCfg = Release|Any CPU
		{A96DC18C-BBB9-4062-80B2-D1DE6900C90B}.Release|Any CPU.Build.0 = Release|Any CPU
	EndGlobalSection
	GlobalSection(SolutionProperties) = preSolution
		HideSolutionNode = FALSE
	EndGlobalSection
	GlobalSection(ExtensibilityGlobals) = postSolution
		SolutionGuid = {EA47B5EC-AD1E-425F-A583-E87027FE862B}
	EndGlobalSection
EndGlobal
