
Microsoft Visual Studio Solution File, Format Version 12.00
# Visual Studio Version 17
VisualStudioVersion = 17.4.33213.308
MinimumVisualStudioVersion = 10.0.40219.1
Project("{FAE04EC0-301F-11D3-BF4B-00C04F79EFBC}") = "HelloWorld", "HelloWorld\HelloWorld.csproj", "{A6F4C821-70FF-4326-8050-DF38B98DABD0}"
EndProject
Global
	GlobalSection(SolutionConfigurationPlatforms) = preSolution
		Debug|Any CPU = Debug|Any CPU
		Release|Any CPU = Release|Any CPU
	EndGlobalSection
	GlobalSection(ProjectConfigurationPlatforms) = postSolution
		{A6F4C821-70FF-4326-8050-DF38B98DABD0}.Debug|Any CPU.ActiveCfg = Debug|Any CPU
		{A6F4C821-70FF-4326-8050-DF38B98DABD0}.Debug|Any CPU.Build.0 = Debug|Any CPU
		{A6F4C821-70FF-4326-8050-DF38B98DABD0}.Release|Any CPU.ActiveCfg = Release|Any CPU
		{A6F4C821-70FF-4326-8050-DF38B98DABD0}.Release|Any CPU.Build.0 = Release|Any CPU
	EndGlobalSection
	GlobalSection(SolutionProperties) = preSolution
		HideSolutionNode = FALSE
	EndGlobalSection
	GlobalSection(ExtensibilityGlobals) = postSolution
		SolutionGuid = {6D418EBA-43C1-495E-A71D-562BC2F52434}
	EndGlobalSection
EndGlobal
