
Microsoft Visual Studio Solution File, Format Version 12.00
# Visual Studio Version 17
VisualStudioVersion = 17.4.33213.308
MinimumVisualStudioVersion = 10.0.40219.1
Project("{FAE04EC0-301F-11D3-BF4B-00C04F79EFBC}") = "UnderstandingLINQ", "UnderstandingLINQ\UnderstandingLINQ.csproj", "{0BE5FB56-735F-458C-8F8A-B3EBBB449BD5}"
EndProject
Global
	GlobalSection(SolutionConfigurationPlatforms) = preSolution
		Debug|Any CPU = Debug|Any CPU
		Release|Any CPU = Release|Any CPU
	EndGlobalSection
	GlobalSection(ProjectConfigurationPlatforms) = postSolution
		{0BE5FB56-735F-458C-8F8A-B3EBBB449BD5}.Debug|Any CPU.ActiveCfg = Debug|Any CPU
		{0BE5FB56-735F-458C-8F8A-B3EBBB449BD5}.Debug|Any CPU.Build.0 = Debug|Any CPU
		{0BE5FB56-735F-458C-8F8A-B3EBBB449BD5}.Release|Any CPU.ActiveCfg = Release|Any CPU
		{0BE5FB56-735F-458C-8F8A-B3EBBB449BD5}.Release|Any CPU.Build.0 = Release|Any CPU
	EndGlobalSection
	GlobalSection(SolutionProperties) = preSolution
		HideSolutionNode = FALSE
	EndGlobalSection
	GlobalSection(ExtensibilityGlobals) = postSolution
		SolutionGuid = {EF37E890-3CAA-4A98-B972-A8BA50F9A608}
	EndGlobalSection
EndGlobal
