
Microsoft Visual Studio Solution File, Format Version 12.00
# Visual Studio Version 17
VisualStudioVersion = 17.4.33213.308
MinimumVisualStudioVersion = 10.0.40219.1
Project("{FAE04EC0-301F-11D3-BF4B-00C04F79EFBC}") = "WorkingWithStrings", "WorkingWithStrings\WorkingWithStrings.csproj", "{5223B09B-9B0C-4A96-8E04-7274D58015C5}"
EndProject
Global
	GlobalSection(SolutionConfigurationPlatforms) = preSolution
		Debug|Any CPU = Debug|Any CPU
		Release|Any CPU = Release|Any CPU
	EndGlobalSection
	GlobalSection(ProjectConfigurationPlatforms) = postSolution
		{5223B09B-9B0C-4A96-8E04-7274D58015C5}.Debug|Any CPU.ActiveCfg = Debug|Any CPU
		{5223B09B-9B0C-4A96-8E04-7274D58015C5}.Debug|Any CPU.Build.0 = Debug|Any CPU
		{5223B09B-9B0C-4A96-8E04-7274D58015C5}.Release|Any CPU.ActiveCfg = Release|Any CPU
		{5223B09B-9B0C-4A96-8E04-7274D58015C5}.Release|Any CPU.Build.0 = Release|Any CPU
	EndGlobalSection
	GlobalSection(SolutionProperties) = preSolution
		HideSolutionNode = FALSE
	EndGlobalSection
	GlobalSection(ExtensibilityGlobals) = postSolution
		SolutionGuid = {023695B1-3FEE-4A98-BAC0-791D64A3179E}
	EndGlobalSection
EndGlobal
