
Microsoft Visual Studio Solution File, Format Version 12.00
# Visual Studio Version 17
VisualStudioVersion = 17.4.33213.308
MinimumVisualStudioVersion = 10.0.40219.1
Project("{FAE04EC0-301F-11D3-BF4B-00C04F79EFBC}") = "WhileIteration", "WhileIteration\WhileIteration.csproj", "{56CEC5A1-AC2E-454B-98D4-F76B9E758794}"
EndProject
Global
	GlobalSection(SolutionConfigurationPlatforms) = preSolution
		Debug|Any CPU = Debug|Any CPU
		Release|Any CPU = Release|Any CPU
	EndGlobalSection
	GlobalSection(ProjectConfigurationPlatforms) = postSolution
		{56CEC5A1-AC2E-454B-98D4-F76B9E758794}.Debug|Any CPU.ActiveCfg = Debug|Any CPU
		{56CEC5A1-AC2E-454B-98D4-F76B9E758794}.Debug|Any CPU.Build.0 = Debug|Any CPU
		{56CEC5A1-AC2E-454B-98D4-F76B9E758794}.Release|Any CPU.ActiveCfg = Release|Any CPU
		{56CEC5A1-AC2E-454B-98D4-F76B9E758794}.Release|Any CPU.Build.0 = Release|Any CPU
	EndGlobalSection
	GlobalSection(SolutionProperties) = preSolution
		HideSolutionNode = FALSE
	EndGlobalSection
	GlobalSection(ExtensibilityGlobals) = postSolution
		SolutionGuid = {B3CE9265-8093-4BC1-9973-A2A48950BD94}
	EndGlobalSection
EndGlobal
