
Microsoft Visual Studio Solution File, Format Version 12.00
# Visual Studio Version 17
VisualStudioVersion = 17.4.33213.308
MinimumVisualStudioVersion = 10.0.40219.1
Project("{FAE04EC0-301F-11D3-BF4B-00C04F79EFBC}") = "ConsoleApplication2", "ConsoleApplication2\ConsoleApplication2.csproj", "{3CA3F9B2-2157-4208-99E7-289A7B17BE55}"
EndProject
Global
	GlobalSection(SolutionConfigurationPlatforms) = preSolution
		Debug|Any CPU = Debug|Any CPU
		Release|Any CPU = Release|Any CPU
	EndGlobalSection
	GlobalSection(ProjectConfigurationPlatforms) = postSolution
		{3CA3F9B2-2157-4208-99E7-289A7B17BE55}.Debug|Any CPU.ActiveCfg = Debug|Any CPU
		{3CA3F9B2-2157-4208-99E7-289A7B17BE55}.Debug|Any CPU.Build.0 = Debug|Any CPU
		{3CA3F9B2-2157-4208-99E7-289A7B17BE55}.Release|Any CPU.ActiveCfg = Release|Any CPU
		{3CA3F9B2-2157-4208-99E7-289A7B17BE55}.Release|Any CPU.Build.0 = Release|Any CPU
	EndGlobalSection
	GlobalSection(SolutionProperties) = preSolution
		HideSolutionNode = FALSE
	EndGlobalSection
	GlobalSection(ExtensibilityGlobals) = postSolution
		SolutionGuid = {594BB421-0B87-44FB-B568-B44A6968B301}
	EndGlobalSection
EndGlobal
